# THIS IS AN AUTOGENERATED FILE. DO NOT EDIT THIS FILE DIRECTLY.
# yarn lockfile v1


react-onclickoutside@^6.9.0:
  version "6.9.0"
  resolved "https://registry.yarnpkg.com/react-onclickoutside/-/react-onclickoutside-6.9.0.tgz#a54bc317ae8cf6131a5d78acea55a11067f37a1f"
  integrity sha512-8ltIY3bC7oGhj2nPAvWOGi+xGFybPNhJM0V1H8hY/whNcXgmDeaeoCMPPd8VatrpTsUWjb/vGzrmu6SrXVty3A==
